
Microsoft Visual Studio Solution File, Format Version 12.00
# Visual Studio 15
VisualStudioVersion = 15.0.27428.2037
MinimumVisualStudioVersion = 10.0.40219.1
Project("{888888A0-9F3D-457C-B088-3A5042F75D52}") = "RefundVault", "RefundVault\RefundVault.pyproj", "{C8F4BF5B-DABC-49B4-8431-BB513AB57F16}"
EndProject
Global
	GlobalSection(SolutionConfigurationPlatforms) = preSolution
		Debug|Any CPU = Debug|Any CPU
		Release|Any CPU = Release|Any CPU
	EndGlobalSection
	GlobalSection(ProjectConfigurationPlatforms) = postSolution
		{C8F4BF5B-DABC-49B4-8431-BB513AB57F16}.Debug|Any CPU.ActiveCfg = Debug|Any CPU
		{C8F4BF5B-DABC-49B4-8431-BB513AB57F16}.Release|Any CPU.ActiveCfg = Release|Any CPU
	EndGlobalSection
	GlobalSection(SolutionProperties) = preSolution
		HideSolutionNode = FALSE
	EndGlobalSection
	GlobalSection(ExtensibilityGlobals) = postSolution
		SolutionGuid = {DC643894-C8AE-4995-8A80-FBAB75FA5A63}
	EndGlobalSection
EndGlobal
