
Microsoft Visual Studio Solution File, Format Version 12.00
# Visual Studio 15
VisualStudioVersion = 15.0.27428.2037
MinimumVisualStudioVersion = 10.0.40219.1
Project("{888888A0-9F3D-457C-B088-3A5042F75D52}") = "AuthorizeVault", "AuthorizeVault\AuthorizeVault.pyproj", "{F18620E0-3471-47CD-A378-733241C6AA70}"
EndProject
Global
	GlobalSection(SolutionConfigurationPlatforms) = preSolution
		Debug|Any CPU = Debug|Any CPU
		Release|Any CPU = Release|Any CPU
	EndGlobalSection
	GlobalSection(ProjectConfigurationPlatforms) = postSolution
		{F18620E0-3471-47CD-A378-733241C6AA70}.Debug|Any CPU.ActiveCfg = Debug|Any CPU
		{F18620E0-3471-47CD-A378-733241C6AA70}.Release|Any CPU.ActiveCfg = Release|Any CPU
	EndGlobalSection
	GlobalSection(SolutionProperties) = preSolution
		HideSolutionNode = FALSE
	EndGlobalSection
	GlobalSection(ExtensibilityGlobals) = postSolution
		SolutionGuid = {B3FB9AD5-9E15-4288-A3F9-B06B1AECC8D7}
	EndGlobalSection
EndGlobal
