
Microsoft Visual Studio Solution File, Format Version 12.00
# Visual Studio 15
VisualStudioVersion = 15.0.27428.2037
MinimumVisualStudioVersion = 10.0.40219.1
Project("{888888A0-9F3D-457C-B088-3A5042F75D52}") = "GeniusThreaded", "GeniusThreaded\GeniusThreaded.pyproj", "{5EA70284-7ABB-41FC-BE69-D31C3B0D2602}"
EndProject
Global
	GlobalSection(SolutionConfigurationPlatforms) = preSolution
		Debug|Any CPU = Debug|Any CPU
		Release|Any CPU = Release|Any CPU
	EndGlobalSection
	GlobalSection(ProjectConfigurationPlatforms) = postSolution
		{5EA70284-7ABB-41FC-BE69-D31C3B0D2602}.Debug|Any CPU.ActiveCfg = Debug|Any CPU
		{5EA70284-7ABB-41FC-BE69-D31C3B0D2602}.Release|Any CPU.ActiveCfg = Release|Any CPU
	EndGlobalSection
	GlobalSection(SolutionProperties) = preSolution
		HideSolutionNode = FALSE
	EndGlobalSection
	GlobalSection(ExtensibilityGlobals) = postSolution
		SolutionGuid = {FCEBDF22-7412-4F8A-9C47-2675C3C1AB7A}
	EndGlobalSection
EndGlobal
