
Microsoft Visual Studio Solution File, Format Version 12.00
# Visual Studio 15
VisualStudioVersion = 15.0.27428.2037
MinimumVisualStudioVersion = 10.0.40219.1
Project("{888888A0-9F3D-457C-B088-3A5042F75D52}") = "GeniusStatus", "GeniusStatus\GeniusStatus.pyproj", "{420BEAC8-D652-427D-9E60-A0EF46061697}"
EndProject
Global
	GlobalSection(SolutionConfigurationPlatforms) = preSolution
		Debug|Any CPU = Debug|Any CPU
		Release|Any CPU = Release|Any CPU
	EndGlobalSection
	GlobalSection(ProjectConfigurationPlatforms) = postSolution
		{420BEAC8-D652-427D-9E60-A0EF46061697}.Debug|Any CPU.ActiveCfg = Debug|Any CPU
		{420BEAC8-D652-427D-9E60-A0EF46061697}.Release|Any CPU.ActiveCfg = Release|Any CPU
	EndGlobalSection
	GlobalSection(SolutionProperties) = preSolution
		HideSolutionNode = FALSE
	EndGlobalSection
	GlobalSection(ExtensibilityGlobals) = postSolution
		SolutionGuid = {B861E7B3-153F-4B26-8E52-1CD8701E20BC}
	EndGlobalSection
EndGlobal
