
Microsoft Visual Studio Solution File, Format Version 12.00
# Visual Studio 15
VisualStudioVersion = 15.0.27428.2037
MinimumVisualStudioVersion = 10.0.40219.1
Project("{888888A0-9F3D-457C-B088-3A5042F75D52}") = "UnBoardCard", "UnBoardCard\UnBoardCard.pyproj", "{E5BBD902-329F-4720-B29A-B95C9701966B}"
EndProject
Global
	GlobalSection(SolutionConfigurationPlatforms) = preSolution
		Debug|Any CPU = Debug|Any CPU
		Release|Any CPU = Release|Any CPU
	EndGlobalSection
	GlobalSection(ProjectConfigurationPlatforms) = postSolution
		{E5BBD902-329F-4720-B29A-B95C9701966B}.Debug|Any CPU.ActiveCfg = Debug|Any CPU
		{E5BBD902-329F-4720-B29A-B95C9701966B}.Release|Any CPU.ActiveCfg = Release|Any CPU
	EndGlobalSection
	GlobalSection(SolutionProperties) = preSolution
		HideSolutionNode = FALSE
	EndGlobalSection
	GlobalSection(ExtensibilityGlobals) = postSolution
		SolutionGuid = {93954DE6-0ECD-4F31-94BB-BA2EE2C6D4C0}
	EndGlobalSection
EndGlobal
