
Microsoft Visual Studio Solution File, Format Version 12.00
# Visual Studio 15
VisualStudioVersion = 15.0.27428.2037
MinimumVisualStudioVersion = 10.0.40219.1
Project("{888888A0-9F3D-457C-B088-3A5042F75D52}") = "RefundReader", "RefundReader\RefundReader.pyproj", "{6AD5334F-7C90-488C-8564-443BE1881B02}"
EndProject
Global
	GlobalSection(SolutionConfigurationPlatforms) = preSolution
		Debug|Any CPU = Debug|Any CPU
		Release|Any CPU = Release|Any CPU
	EndGlobalSection
	GlobalSection(ProjectConfigurationPlatforms) = postSolution
		{6AD5334F-7C90-488C-8564-443BE1881B02}.Debug|Any CPU.ActiveCfg = Debug|Any CPU
		{6AD5334F-7C90-488C-8564-443BE1881B02}.Release|Any CPU.ActiveCfg = Release|Any CPU
	EndGlobalSection
	GlobalSection(SolutionProperties) = preSolution
		HideSolutionNode = FALSE
	EndGlobalSection
	GlobalSection(ExtensibilityGlobals) = postSolution
		SolutionGuid = {64E5861C-9349-4E83-B10B-05381208CDF5}
	EndGlobalSection
EndGlobal
