
Microsoft Visual Studio Solution File, Format Version 12.00
# Visual Studio 15
VisualStudioVersion = 15.0.27428.2037
MinimumVisualStudioVersion = 10.0.40219.1
Project("{888888A0-9F3D-457C-B088-3A5042F75D52}") = "UpdateBoardedCard", "UpdateBoardedCard\UpdateBoardedCard.pyproj", "{228B65C5-F6F6-41D7-8FC1-D3DDA49FCC50}"
EndProject
Global
	GlobalSection(SolutionConfigurationPlatforms) = preSolution
		Debug|Any CPU = Debug|Any CPU
		Release|Any CPU = Release|Any CPU
	EndGlobalSection
	GlobalSection(ProjectConfigurationPlatforms) = postSolution
		{228B65C5-F6F6-41D7-8FC1-D3DDA49FCC50}.Debug|Any CPU.ActiveCfg = Debug|Any CPU
		{228B65C5-F6F6-41D7-8FC1-D3DDA49FCC50}.Release|Any CPU.ActiveCfg = Release|Any CPU
	EndGlobalSection
	GlobalSection(SolutionProperties) = preSolution
		HideSolutionNode = FALSE
	EndGlobalSection
	GlobalSection(ExtensibilityGlobals) = postSolution
		SolutionGuid = {27C64922-023B-49DD-994B-9A133E4C15A5}
	EndGlobalSection
EndGlobal
